# THIS IS AN AUTOGENERATED FILE. DO NOT EDIT THIS FILE DIRECTLY.
# yarn lockfile v1


"@dcloudio/uni-app@^2.0.2-4020420240722004":
  version "2.0.2-4020420240722004"
  resolved "https://registry.npmmirror.com/@dcloudio/uni-app/-/uni-app-2.0.2-4020420240722004.tgz#b6f4ef19c79cc968d7fe1cac89439dd0272fe937"
  integrity sha512-WzHNoEbOWkMWSW98AzWtexsLfaJfi/ujOHw7e8ffgYZVZYIyob2RGa3mQ61tb3j7/lZyRn48NsT2TXCc/ZaUxg==

"@dcloudio/uni-ui@^1.5.6":
  version "1.5.6"
  resolved "https://registry.npmmirror.com/@dcloudio/uni-ui/-/uni-ui-1.5.6.tgz#f2f0c10ec7fa2432e694c2c716e00a384e45555b"
  integrity sha512-jmb98PasFvZkrIDXGh94GbdWg2/jyhgs1HUG+bU8eyL7Ltias/5XBz4q8w9RXyWUfqepJRqapPA2IIQpLCuTIg==

"@escook/request-miniprogram@^0.2.1":
  version "0.2.1"
  resolved "https://registry.npmmirror.com/@escook/request-miniprogram/-/request-miniprogram-0.2.1.tgz#c3b13249f5a94601f2949f4d68245df9a5683819"
  integrity sha512-ueWV5YsaEm/ycQZuEjMiA88GFMhfBQSjy9GrP9omy4xAQajkGTbYIlnhzsDfWzRPmRC1fKmAiKMrCVcgS+SHcQ==

"@vue/devtools-api@^6.0.0-beta.11":
  version "6.6.4"
  resolved "https://registry.npmmirror.com/@vue/devtools-api/-/devtools-api-6.6.4.tgz#cbe97fe0162b365edc1dba80e173f90492535343"
  integrity sha512-sGhTPMuXqZ1rVOk32RylztWkfXTRhuS7vgAKv0zjqk8gbsHkJ7xfFf+jbySxt7tWObEJwyKaHMikV/WGDiQm8g==

thorui-uni@^3.0.0:
  version "3.0.0"
  resolved "https://registry.npmmirror.com/thorui-uni/-/thorui-uni-3.0.0.tgz#4b08426236d8c0f1c729d82a4af4278f8d9b1108"
  integrity sha512-ltxXobSu0RmgD4CdWFdsq6siSah0gbpvCVfH1DwhEO4KSgsG9nDpQWX1X4HAy5Upr8qw3mJfpLR42teZmc9XRQ==

vuex@^4.1.0:
  version "4.1.0"
  resolved "https://registry.npmmirror.com/vuex/-/vuex-4.1.0.tgz#aa1b3ea5c7385812b074c86faeeec2217872e36c"
  integrity sha512-hmV6UerDrPcgbSy9ORAtNXDr9M4wlNP4pEFKye4ujJF8oqgFFuxDCdOLS3eNoRTtq5O3hoBDh9Doj1bQMYHRbQ==
  dependencies:
    "@vue/devtools-api" "^6.0.0-beta.11"
